
Microsoft Visual Studio Solution File, Format Version 12.00
# Visual Studio Version 16
VisualStudioVersion = 16.0.30503.244
MinimumVisualStudioVersion = 10.0.40219.1
Project("{FAE04EC0-301F-11D3-BF4B-00C04F79EFBC}") = "stringbuilder", "stringbuilder\stringbuilder.csproj", "{BC6AF3DA-3031-41F4-95C3-C06D99AEF8C4}"
EndProject
Global
	GlobalSection(SolutionConfigurationPlatforms) = preSolution
		Debug|Any CPU = Debug|Any CPU
		Release|Any CPU = Release|Any CPU
	EndGlobalSection
	GlobalSection(ProjectConfigurationPlatforms) = postSolution
		{BC6AF3DA-3031-41F4-95C3-C06D99AEF8C4}.Debug|Any CPU.ActiveCfg = Debug|Any CPU
		{BC6AF3DA-3031-41F4-95C3-C06D99AEF8C4}.Debug|Any CPU.Build.0 = Debug|Any CPU
		{BC6AF3DA-3031-41F4-95C3-C06D99AEF8C4}.Release|Any CPU.ActiveCfg = Release|Any CPU
		{BC6AF3DA-3031-41F4-95C3-C06D99AEF8C4}.Release|Any CPU.Build.0 = Release|Any CPU
	EndGlobalSection
	GlobalSection(SolutionProperties) = preSolution
		HideSolutionNode = FALSE
	EndGlobalSection
	GlobalSection(ExtensibilityGlobals) = postSolution
		SolutionGuid = {55DC8BE6-B2ED-4B55-A00A-BF098F561ED0}
	EndGlobalSection
EndGlobal
